
Microsoft Visual Studio Solution File, Format Version 12.00
# Visual Studio Version 17
VisualStudioVersion = 17.5.33424.131
MinimumVisualStudioVersion = 10.0.40219.1
Project("{9A19103F-16F7-4668-BE54-9A1E7A4F7556}") = "Ocluse.LiquidSnow.Venus.Blazor", "src\Blazor\Ocluse.LiquidSnow.Venus.Blazor.csproj", "{58071152-E0BA-4FEF-8E29-F93DA2945782}"
EndProject
Project("{9A19103F-16F7-4668-BE54-9A1E7A4F7556}") = "Ocluse.LiquidSnow.Venus.Abstractions", "src\Abstractions\Ocluse.LiquidSnow.Venus.Abstractions.csproj", "{79D0349D-1758-4862-BBB9-0C81ECFB21C4}"
EndProject
Project("{9A19103F-16F7-4668-BE54-9A1E7A4F7556}") = "Ocluse.LiquidSnow.Venus.Abstractions.Tests", "tests\Ocluse.LiquidSnow.Venus.Abstractions.Tests\Ocluse.LiquidSnow.Venus.Abstractions.Tests.csproj", "{A1D8B03B-E350-4DEC-B268-610F5E5A132A}"
EndProject
Project("{FAE04EC0-301F-11D3-BF4B-00C04F79EFBC}") = "Ocluse.LiquidSnow.Venus.Icons", "src\Icons\Ocluse.LiquidSnow.Venus.Icons.csproj", "{FFBFA970-7192-426C-9FD9-E089437C2335}"
EndProject
Project("{FAE04EC0-301F-11D3-BF4B-00C04F79EFBC}") = "Ocluse.LiquidSnow.Venus.Razor", "src\Razor\Ocluse.LiquidSnow.Venus.Razor.csproj", "{E42E917D-0073-4572-8455-2EEFE6822A15}"
EndProject
Project("{FAE04EC0-301F-11D3-BF4B-00C04F79EFBC}") = "Ocluse.LiquidSnow.Venus.Values", "src\Values\Ocluse.LiquidSnow.Venus.Values.csproj", "{64DF4675-F651-488A-B880-C7CBF46E8C81}"
EndProject
Global
	GlobalSection(SolutionConfigurationPlatforms) = preSolution
		Debug|Any CPU = Debug|Any CPU
		Release|Any CPU = Release|Any CPU
	EndGlobalSection
	GlobalSection(ProjectConfigurationPlatforms) = postSolution
		{58071152-E0BA-4FEF-8E29-F93DA2945782}.Debug|Any CPU.ActiveCfg = Debug|Any CPU
		{58071152-E0BA-4FEF-8E29-F93DA2945782}.Debug|Any CPU.Build.0 = Debug|Any CPU
		{58071152-E0BA-4FEF-8E29-F93DA2945782}.Release|Any CPU.ActiveCfg = Release|Any CPU
		{58071152-E0BA-4FEF-8E29-F93DA2945782}.Release|Any CPU.Build.0 = Release|Any CPU
		{79D0349D-1758-4862-BBB9-0C81ECFB21C4}.Debug|Any CPU.ActiveCfg = Debug|Any CPU
		{79D0349D-1758-4862-BBB9-0C81ECFB21C4}.Debug|Any CPU.Build.0 = Debug|Any CPU
		{79D0349D-1758-4862-BBB9-0C81ECFB21C4}.Release|Any CPU.ActiveCfg = Release|Any CPU
		{79D0349D-1758-4862-BBB9-0C81ECFB21C4}.Release|Any CPU.Build.0 = Release|Any CPU
		{A1D8B03B-E350-4DEC-B268-610F5E5A132A}.Debug|Any CPU.ActiveCfg = Debug|Any CPU
		{A1D8B03B-E350-4DEC-B268-610F5E5A132A}.Debug|Any CPU.Build.0 = Debug|Any CPU
		{A1D8B03B-E350-4DEC-B268-610F5E5A132A}.Release|Any CPU.ActiveCfg = Release|Any CPU
		{A1D8B03B-E350-4DEC-B268-610F5E5A132A}.Release|Any CPU.Build.0 = Release|Any CPU
		{FFBFA970-7192-426C-9FD9-E089437C2335}.Debug|Any CPU.ActiveCfg = Debug|Any CPU
		{FFBFA970-7192-426C-9FD9-E089437C2335}.Debug|Any CPU.Build.0 = Debug|Any CPU
		{FFBFA970-7192-426C-9FD9-E089437C2335}.Release|Any CPU.ActiveCfg = Release|Any CPU
		{FFBFA970-7192-426C-9FD9-E089437C2335}.Release|Any CPU.Build.0 = Release|Any CPU
		{E42E917D-0073-4572-8455-2EEFE6822A15}.Debug|Any CPU.ActiveCfg = Debug|Any CPU
		{E42E917D-0073-4572-8455-2EEFE6822A15}.Debug|Any CPU.Build.0 = Debug|Any CPU
		{E42E917D-0073-4572-8455-2EEFE6822A15}.Release|Any CPU.ActiveCfg = Release|Any CPU
		{E42E917D-0073-4572-8455-2EEFE6822A15}.Release|Any CPU.Build.0 = Release|Any CPU
		{64DF4675-F651-488A-B880-C7CBF46E8C81}.Debug|Any CPU.ActiveCfg = Debug|Any CPU
		{64DF4675-F651-488A-B880-C7CBF46E8C81}.Debug|Any CPU.Build.0 = Debug|Any CPU
		{64DF4675-F651-488A-B880-C7CBF46E8C81}.Release|Any CPU.ActiveCfg = Release|Any CPU
		{64DF4675-F651-488A-B880-C7CBF46E8C81}.Release|Any CPU.Build.0 = Release|Any CPU
	EndGlobalSection
	GlobalSection(SolutionProperties) = preSolution
		HideSolutionNode = FALSE
	EndGlobalSection
	GlobalSection(ExtensibilityGlobals) = postSolution
		SolutionGuid = {9A132A8F-1E8B-40BA-B177-56099D1FCFCB}
	EndGlobalSection
EndGlobal
